
Microsoft Visual Studio Solution File, Format Version 12.00
# Visual Studio Version 16
VisualStudioVersion = 16.0.31129.286
MinimumVisualStudioVersion = 10.0.40219.1
Project("{2150E333-8FDC-42A3-9474-1A3956D46DE8}") = "src", "src", "{8FCCDEBC-3033-48BA-9639-1CCCA1BEE633}"
EndProject
Project("{FAE04EC0-301F-11D3-BF4B-00C04F79EFBC}") = "VsLauncher.Tests", "src\VsLauncher.Tests\VsLauncher.Tests.csproj", "{444514D9-C61E-4C25-831B-D63693ACFCC6}"
EndProject
Project("{FAE04EC0-301F-11D3-BF4B-00C04F79EFBC}") = "VsLauncher", "src\VsLauncher\VsLauncher.csproj", "{757B874C-AF5C-48F5-965C-F1ED7BF47B43}"
EndProject
Global
	GlobalSection(SolutionConfigurationPlatforms) = preSolution
		Debug|Any CPU = Debug|Any CPU
		Release|Any CPU = Release|Any CPU
	EndGlobalSection
	GlobalSection(ProjectConfigurationPlatforms) = postSolution
		{444514D9-C61E-4C25-831B-D63693ACFCC6}.Debug|Any CPU.ActiveCfg = Debug|Any CPU
		{444514D9-C61E-4C25-831B-D63693ACFCC6}.Debug|Any CPU.Build.0 = Debug|Any CPU
		{444514D9-C61E-4C25-831B-D63693ACFCC6}.Release|Any CPU.ActiveCfg = Release|Any CPU
		{444514D9-C61E-4C25-831B-D63693ACFCC6}.Release|Any CPU.Build.0 = Release|Any CPU
		{757B874C-AF5C-48F5-965C-F1ED7BF47B43}.Debug|Any CPU.ActiveCfg = Debug|Any CPU
		{757B874C-AF5C-48F5-965C-F1ED7BF47B43}.Debug|Any CPU.Build.0 = Debug|Any CPU
		{757B874C-AF5C-48F5-965C-F1ED7BF47B43}.Release|Any CPU.ActiveCfg = Release|Any CPU
		{757B874C-AF5C-48F5-965C-F1ED7BF47B43}.Release|Any CPU.Build.0 = Release|Any CPU
	EndGlobalSection
	GlobalSection(SolutionProperties) = preSolution
		HideSolutionNode = FALSE
	EndGlobalSection
	GlobalSection(NestedProjects) = preSolution
		{444514D9-C61E-4C25-831B-D63693ACFCC6} = {8FCCDEBC-3033-48BA-9639-1CCCA1BEE633}
		{757B874C-AF5C-48F5-965C-F1ED7BF47B43} = {8FCCDEBC-3033-48BA-9639-1CCCA1BEE633}
	EndGlobalSection
	GlobalSection(ExtensibilityGlobals) = postSolution
		SolutionGuid = {6D0C86A2-9C6E-421F-A66F-0509C81E751C}
	EndGlobalSection
EndGlobal
